
Microsoft Visual Studio Solution File, Format Version 12.00
# Visual Studio Version 17
VisualStudioVersion = 17.10.35004.147
MinimumVisualStudioVersion = 10.0.40219.1
Project("{9A19103F-16F7-4668-BE54-9A1E7A4F7556}") = "HL-AHDSFHIR-DBWrapperFunction", "src\AzureFunctions\HL-AHDSFHIR-DBWrapperFunction\HL-AHDSFHIR-DBWrapperFunction.csproj", "{D8399660-2591-463C-8037-6DC26FDFABC1}"
EndProject
Project("{9A19103F-16F7-4668-BE54-9A1E7A4F7556}") = "HL-AHDSFHIR-AuthHandlerFunction", "src\AzureFunctions\HL-AHDSFHIR-AuthHandlerFunction\HL-AHDSFHIR-AuthHandlerFunction.csproj", "{2C8418CA-8222-4F44-868F-ABAD2DEDD562}"
EndProject
Project("{54A90642-561A-4BB1-A94E-469ADEE60C69}") = "patientwebapp", "src\Frontend\patientwebapp\patientwebapp.esproj", "{50899FD9-43F1-4DD4-BEF8-16BC9A150845}"
EndProject
Project("{54A90642-561A-4BB1-A94E-469ADEE60C69}") = "patientmultifhirwebapp", "src\Frontend\patientmultifhirwebapp\patientmultifhirwebapp.esproj", "{0FADA343-9C98-45B0-AB79-5AB6ED64FE8F}"
EndProject
Global
	GlobalSection(SolutionConfigurationPlatforms) = preSolution
		Debug|Any CPU = Debug|Any CPU
		Release|Any CPU = Release|Any CPU
	EndGlobalSection
	GlobalSection(ProjectConfigurationPlatforms) = postSolution
		{D8399660-2591-463C-8037-6DC26FDFABC1}.Debug|Any CPU.ActiveCfg = Debug|Any CPU
		{D8399660-2591-463C-8037-6DC26FDFABC1}.Debug|Any CPU.Build.0 = Debug|Any CPU
		{D8399660-2591-463C-8037-6DC26FDFABC1}.Release|Any CPU.ActiveCfg = Release|Any CPU
		{D8399660-2591-463C-8037-6DC26FDFABC1}.Release|Any CPU.Build.0 = Release|Any CPU
		{2C8418CA-8222-4F44-868F-ABAD2DEDD562}.Debug|Any CPU.ActiveCfg = Debug|Any CPU
		{2C8418CA-8222-4F44-868F-ABAD2DEDD562}.Debug|Any CPU.Build.0 = Debug|Any CPU
		{2C8418CA-8222-4F44-868F-ABAD2DEDD562}.Release|Any CPU.ActiveCfg = Release|Any CPU
		{2C8418CA-8222-4F44-868F-ABAD2DEDD562}.Release|Any CPU.Build.0 = Release|Any CPU
		{50899FD9-43F1-4DD4-BEF8-16BC9A150845}.Debug|Any CPU.ActiveCfg = Debug|Any CPU
		{50899FD9-43F1-4DD4-BEF8-16BC9A150845}.Debug|Any CPU.Build.0 = Debug|Any CPU
		{50899FD9-43F1-4DD4-BEF8-16BC9A150845}.Debug|Any CPU.Deploy.0 = Debug|Any CPU
		{50899FD9-43F1-4DD4-BEF8-16BC9A150845}.Release|Any CPU.ActiveCfg = Release|Any CPU
		{50899FD9-43F1-4DD4-BEF8-16BC9A150845}.Release|Any CPU.Build.0 = Release|Any CPU
		{50899FD9-43F1-4DD4-BEF8-16BC9A150845}.Release|Any CPU.Deploy.0 = Release|Any CPU
		{0FADA343-9C98-45B0-AB79-5AB6ED64FE8F}.Debug|Any CPU.ActiveCfg = Debug|Any CPU
		{0FADA343-9C98-45B0-AB79-5AB6ED64FE8F}.Debug|Any CPU.Build.0 = Debug|Any CPU
		{0FADA343-9C98-45B0-AB79-5AB6ED64FE8F}.Debug|Any CPU.Deploy.0 = Debug|Any CPU
		{0FADA343-9C98-45B0-AB79-5AB6ED64FE8F}.Release|Any CPU.ActiveCfg = Release|Any CPU
		{0FADA343-9C98-45B0-AB79-5AB6ED64FE8F}.Release|Any CPU.Build.0 = Release|Any CPU
		{0FADA343-9C98-45B0-AB79-5AB6ED64FE8F}.Release|Any CPU.Deploy.0 = Release|Any CPU
	EndGlobalSection
	GlobalSection(SolutionProperties) = preSolution
		HideSolutionNode = FALSE
	EndGlobalSection
	GlobalSection(ExtensibilityGlobals) = postSolution
		SolutionGuid = {AC354D41-C207-483E-A367-4FE4FDB68C2F}
	EndGlobalSection
EndGlobal
